
Microsoft Visual Studio Solution File, Format Version 12.00
# Visual Studio Version 16
VisualStudioVersion = 16.0.31205.134
MinimumVisualStudioVersion = 10.0.40219.1
Project("{FAE04EC0-301F-11D3-BF4B-00C04F79EFBC}") = "CoreDemo", "CoreDemo\CoreDemo.csproj", "{24F7F56C-9198-44D9-9F2E-F11952F2AE6B}"
EndProject
Project("{FAE04EC0-301F-11D3-BF4B-00C04F79EFBC}") = "Entity", "Entity\Entity.csproj", "{394F3CF2-775C-4959-B03A-5DCAF5F0FAF9}"
EndProject
Project("{FAE04EC0-301F-11D3-BF4B-00C04F79EFBC}") = "DataAccess", "DataAccess\DataAccess.csproj", "{FDF5D7CB-0693-4A52-8C8F-F96BD15CA93D}"
EndProject
Project("{FAE04EC0-301F-11D3-BF4B-00C04F79EFBC}") = "BusinessLayer", "BusinessLayer\BusinessLayer.csproj", "{F3F47C3E-E426-4645-B560-76B9BB83DBAF}"
EndProject
Project("{FAE04EC0-301F-11D3-BF4B-00C04F79EFBC}") = "CoreLayer", "CoreLayer\CoreLayer.csproj", "{252815A7-F9A2-4CD8-BF4B-6FF89DC86787}"
EndProject
Global
	GlobalSection(SolutionConfigurationPlatforms) = preSolution
		Debug|Any CPU = Debug|Any CPU
		Release|Any CPU = Release|Any CPU
	EndGlobalSection
	GlobalSection(ProjectConfigurationPlatforms) = postSolution
		{24F7F56C-9198-44D9-9F2E-F11952F2AE6B}.Debug|Any CPU.ActiveCfg = Debug|Any CPU
		{24F7F56C-9198-44D9-9F2E-F11952F2AE6B}.Debug|Any CPU.Build.0 = Debug|Any CPU
		{24F7F56C-9198-44D9-9F2E-F11952F2AE6B}.Release|Any CPU.ActiveCfg = Release|Any CPU
		{24F7F56C-9198-44D9-9F2E-F11952F2AE6B}.Release|Any CPU.Build.0 = Release|Any CPU
		{394F3CF2-775C-4959-B03A-5DCAF5F0FAF9}.Debug|Any CPU.ActiveCfg = Debug|Any CPU
		{394F3CF2-775C-4959-B03A-5DCAF5F0FAF9}.Debug|Any CPU.Build.0 = Debug|Any CPU
		{394F3CF2-775C-4959-B03A-5DCAF5F0FAF9}.Release|Any CPU.ActiveCfg = Release|Any CPU
		{394F3CF2-775C-4959-B03A-5DCAF5F0FAF9}.Release|Any CPU.Build.0 = Release|Any CPU
		{FDF5D7CB-0693-4A52-8C8F-F96BD15CA93D}.Debug|Any CPU.ActiveCfg = Debug|Any CPU
		{FDF5D7CB-0693-4A52-8C8F-F96BD15CA93D}.Debug|Any CPU.Build.0 = Debug|Any CPU
		{FDF5D7CB-0693-4A52-8C8F-F96BD15CA93D}.Release|Any CPU.ActiveCfg = Release|Any CPU
		{FDF5D7CB-0693-4A52-8C8F-F96BD15CA93D}.Release|Any CPU.Build.0 = Release|Any CPU
		{F3F47C3E-E426-4645-B560-76B9BB83DBAF}.Debug|Any CPU.ActiveCfg = Debug|Any CPU
		{F3F47C3E-E426-4645-B560-76B9BB83DBAF}.Debug|Any CPU.Build.0 = Debug|Any CPU
		{F3F47C3E-E426-4645-B560-76B9BB83DBAF}.Release|Any CPU.ActiveCfg = Release|Any CPU
		{F3F47C3E-E426-4645-B560-76B9BB83DBAF}.Release|Any CPU.Build.0 = Release|Any CPU
		{252815A7-F9A2-4CD8-BF4B-6FF89DC86787}.Debug|Any CPU.ActiveCfg = Debug|Any CPU
		{252815A7-F9A2-4CD8-BF4B-6FF89DC86787}.Debug|Any CPU.Build.0 = Debug|Any CPU
		{252815A7-F9A2-4CD8-BF4B-6FF89DC86787}.Release|Any CPU.ActiveCfg = Release|Any CPU
		{252815A7-F9A2-4CD8-BF4B-6FF89DC86787}.Release|Any CPU.Build.0 = Release|Any CPU
	EndGlobalSection
	GlobalSection(SolutionProperties) = preSolution
		HideSolutionNode = FALSE
	EndGlobalSection
	GlobalSection(ExtensibilityGlobals) = postSolution
		SolutionGuid = {42B59F8D-40D0-44A3-9E04-22AD491E6F28}
	EndGlobalSection
EndGlobal
